// !$*UTF8*$!
{
	archiveVersion = 1;
	classes = {
	};
	objectVersion = 70;
	objects = {

/* Begin PBXBuildFile section */
		34EE606AE3C5534387DF2437 /* WndrKit.framework in Frameworks */ = {isa = PBXBuildFile; fileRef = A10E1102284F30000000002D /* WndrKit.framework */; };
		8C576897DC976C3C2ECAB9D8 /* WndrKit.framework in Frameworks */ = {isa = PBXBuildFile; fileRef = A10E1102284F30000000002D /* WndrKit.framework */; };
		A10E2400284F300000000068 /* WndrKit.framework in Frameworks */ = {isa = PBXBuildFile; fileRef = A10E1102284F30000000002D /* WndrKit.framework */; };
		A10E2401284F300000000069 /* WndrData.framework in Frameworks */ = {isa = PBXBuildFile; fileRef = A10E1104284F30000000002E /* WndrData.framework */; };
		A10E2402284F30000000006A /* WndrPDF.framework in Frameworks */ = {isa = PBXBuildFile; fileRef = A10E1106284F30000000002F /* WndrPDF.framework */; };
		A10E2403284F30000000006B /* WndrNotes.framework in Frameworks */ = {isa = PBXBuildFile; fileRef = A10E1108284F300000000030 /* WndrNotes.framework */; };
		A10E2404284F30000000006C /* WndrAutomation.framework in Frameworks */ = {isa = PBXBuildFile; fileRef = A10E110A284F300000000031 /* WndrAutomation.framework */; };
		A10E2500284F300000000069 /* WndrApp.swift in Sources */ = {isa = PBXBuildFile; fileRef = A10E1000284F300000000019 /* WndrApp.swift */; };
		A10E2501284F30000000006A /* AppEnvironment.swift in Sources */ = {isa = PBXBuildFile; fileRef = A10E1002284F30000000001A /* AppEnvironment.swift */; };
		A10E2502284F30000000006B /* LibraryRootCoordinator.swift in Sources */ = {isa = PBXBuildFile; fileRef = A10E1004284F30000000001B /* LibraryRootCoordinator.swift */; };
		A10E2503284F30000000006C /* WndrKit.swift in Sources */ = {isa = PBXBuildFile; fileRef = A10E1008284F30000000001D /* WndrKit.swift */; };
		A10E2504284F30000000006D /* FeatureFlags.swift in Sources */ = {isa = PBXBuildFile; fileRef = A10E100A284F30000000001E /* FeatureFlags.swift */; };
		A10E2505284F30000000006E /* WndrData.swift in Sources */ = {isa = PBXBuildFile; fileRef = A10E100C284F30000000001F /* WndrData.swift */; };
		A10E2506284F30000000006F /* PersistenceController.swift in Sources */ = {isa = PBXBuildFile; fileRef = A10E100E284F300000000020 /* PersistenceController.swift */; };
		A10E2507284F300000000070 /* LibraryRootStore.swift in Sources */ = {isa = PBXBuildFile; fileRef = A10E1010284F300000000021 /* LibraryRootStore.swift */; };
		A10E2508284F300000000071 /* WndrLogger.swift in Sources */ = {isa = PBXBuildFile; fileRef = A10E1012284F300000000022 /* WndrLogger.swift */; };
		A10E2509284F300000000072 /* Telemetry.swift in Sources */ = {isa = PBXBuildFile; fileRef = A10E1022284F30000000002A /* Telemetry.swift */; };
		A10E250A284F300000000073 /* WndrModel.xcdatamodeld in Sources */ = {isa = PBXBuildFile; fileRef = A10E1014284F300000000023 /* WndrModel.xcdatamodeld */; };
		A10E250B284F300000000074 /* WndrPDF.swift in Sources */ = {isa = PBXBuildFile; fileRef = A10E1016284F300000000024 /* WndrPDF.swift */; };
		A10E250C284F300000000075 /* PDFAnnotationBridge.swift in Sources */ = {isa = PBXBuildFile; fileRef = A10E1018284F300000000025 /* PDFAnnotationBridge.swift */; };
		A10E250D284F300000000076 /* WndrNotes.swift in Sources */ = {isa = PBXBuildFile; fileRef = A10E101A284F300000000026 /* WndrNotes.swift */; };
		A10E250E284F300000000077 /* NoteTemplateRegistry.swift in Sources */ = {isa = PBXBuildFile; fileRef = A10E101C284F300000000027 /* NoteTemplateRegistry.swift */; };
		A10E250F284F300000000078 /* WndrAutomation.swift in Sources */ = {isa = PBXBuildFile; fileRef = A10E101E284F300000000028 /* WndrAutomation.swift */; };
		A10E2510284F300000000079 /* ShortcutActions.swift in Sources */ = {isa = PBXBuildFile; fileRef = A10E1020284F300000000029 /* ShortcutActions.swift */; };
		B10E4001284F300000000001 /* ContentWrapper.swift in Sources */ = {isa = PBXBuildFile; fileRef = B10E3001284F300000000001 /* ContentWrapper.swift */; };
		B10E4002284F300000000002 /* ImportCoordinator.swift in Sources */ = {isa = PBXBuildFile; fileRef = B10E3002284F300000000002 /* ImportCoordinator.swift */; };
		B10E4014284F300000000014 /* LibraryViewStateSync.swift in Sources */ = {isa = PBXBuildFile; fileRef = B10E3014284F300000000014 /* LibraryViewStateSync.swift */; };
		C10E5008284F300000000008 /* PerformanceMonitor.swift in Sources */ = {isa = PBXBuildFile; fileRef = C10E5001284F300000000001 /* PerformanceMonitor.swift */; };
		C10E5005284F300000000005 /* PerformanceBudget.swift in Sources */ = {isa = PBXBuildFile; fileRef = C10E5002284F300000000002 /* PerformanceBudget.swift */; };
		C10E5006284F300000000006 /* BenchmarkLibraryProfile.swift in Sources */ = {isa = PBXBuildFile; fileRef = C10E5003284F300000000003 /* BenchmarkLibraryProfile.swift */; };
		C10E5007284F300000000007 /* PerformanceMetric.swift in Sources */ = {isa = PBXBuildFile; fileRef = C10E5004284F300000000004 /* PerformanceMetric.swift */; };
		B10E4003284F300000000003 /* ContentAreaEnvironment.swift in Sources */ = {isa = PBXBuildFile; fileRef = B10E3003284F300000000003 /* ContentAreaEnvironment.swift */; };
		B10E4004284F300000000004 /* ContentAreaView.swift in Sources */ = {isa = PBXBuildFile; fileRef = B10E3004284F300000000004 /* ContentAreaView.swift */; };
		B10E4005284F300000000005 /* ContentAreaViewModel.swift in Sources */ = {isa = PBXBuildFile; fileRef = B10E3005284F300000000005 /* ContentAreaViewModel.swift */; };
		B10E4006284F300000000006 /* InspectorPanelView.swift in Sources */ = {isa = PBXBuildFile; fileRef = B10E3006284F300000000006 /* InspectorPanelView.swift */; };
		B10E4007284F300000000007 /* InspectorPanelViewModel.swift in Sources */ = {isa = PBXBuildFile; fileRef = B10E3007284F300000000007 /* InspectorPanelViewModel.swift */; };
		B10E4008284F300000000008 /* LibrarySidebarView.swift in Sources */ = {isa = PBXBuildFile; fileRef = B10E3008284F300000000008 /* LibrarySidebarView.swift */; };
		B10E4009284F300000000009 /* LibrarySidebarViewModel.swift in Sources */ = {isa = PBXBuildFile; fileRef = B10E3009284F300000000009 /* LibrarySidebarViewModel.swift */; };
		B10E400A284F30000000000A /* AnnotationService.swift in Sources */ = {isa = PBXBuildFile; fileRef = B10E300A284F30000000000A /* AnnotationService.swift */; };
		B10E400B284F30000000000B /* CollectionService.swift in Sources */ = {isa = PBXBuildFile; fileRef = B10E300B284F30000000000B /* CollectionService.swift */; };
		B10E400C284F30000000000C /* DocumentService.swift in Sources */ = {isa = PBXBuildFile; fileRef = B10E300C284F30000000000C /* DocumentService.swift */; };
		B10E400D284F30000000000D /* ImportService.swift in Sources */ = {isa = PBXBuildFile; fileRef = B10E300D284F30000000000D /* ImportService.swift */; };
		B10E400E284F30000000000E /* AnnotationToolbarView.swift in Sources */ = {isa = PBXBuildFile; fileRef = B10E300E284F30000000000E /* AnnotationToolbarView.swift */; };
		B10E400F284F30000000000F /* PDFViewerView.swift in Sources */ = {isa = PBXBuildFile; fileRef = B10E300F284F30000000000F /* PDFViewerView.swift */; };
		B10E4010284F300000000010 /* PDFViewerViewModel.swift in Sources */ = {isa = PBXBuildFile; fileRef = B10E3010284F300000000010 /* PDFViewerViewModel.swift */; };
		B10E4011284F300000000011 /* MarkdownEditorView.swift in Sources */ = {isa = PBXBuildFile; fileRef = B10E3011284F300000000011 /* MarkdownEditorView.swift */; };
		B10E4012284F300000000012 /* NoteEditorViewModel.swift in Sources */ = {isa = PBXBuildFile; fileRef = B10E3012284F300000000012 /* NoteEditorViewModel.swift */; };
		B10E4013284F300000000013 /* ThumbnailService.swift in Sources */ = {isa = PBXBuildFile; fileRef = B10E3013284F300000000013 /* ThumbnailService.swift */; };
		C10E5009284F300000000009 /* Assets.xcassets in Resources */ = {isa = PBXBuildFile; fileRef = C10E4001284F300000000001 /* Assets.xcassets */; };
		E10E5001284F300000000001 /* PlatformCompat.swift in Sources */ = {isa = PBXBuildFile; fileRef = E10E4001284F300000000001 /* PlatformCompat.swift */; };
/* End PBXBuildFile section */

/* Begin PBXContainerItemProxy section */
		A10E2301284F30000000005E /* PBXContainerItemProxy */ = {
			isa = PBXContainerItemProxy;
			containerPortal = A10E00A2284F300000000001 /* Project object */;
			proxyType = 1;
			remoteGlobalIDString = A10E2101284F300000000046;
			remoteInfo = WndrKit;
		};
		A10E2303284F300000000060 /* PBXContainerItemProxy */ = {
			isa = PBXContainerItemProxy;
			containerPortal = A10E00A2284F300000000001 /* Project object */;
			proxyType = 1;
			remoteGlobalIDString = A10E2102284F300000000047;
			remoteInfo = WndrData;
		};
		A10E2305284F300000000062 /* PBXContainerItemProxy */ = {
			isa = PBXContainerItemProxy;
			containerPortal = A10E00A2284F300000000001 /* Project object */;
			proxyType = 1;
			remoteGlobalIDString = A10E2103284F300000000048;
			remoteInfo = WndrPDF;
		};
		A10E2307284F300000000064 /* PBXContainerItemProxy */ = {
			isa = PBXContainerItemProxy;
			containerPortal = A10E00A2284F300000000001 /* Project object */;
			proxyType = 1;
			remoteGlobalIDString = A10E2104284F300000000049;
			remoteInfo = WndrNotes;
		};
		A10E2309284F300000000066 /* PBXContainerItemProxy */ = {
			isa = PBXContainerItemProxy;
			containerPortal = A10E00A2284F300000000001 /* Project object */;
			proxyType = 1;
			remoteGlobalIDString = A10E2105284F30000000004A;
			remoteInfo = WndrAutomation;
		};
/* End PBXContainerItemProxy section */

/* Begin PBXFileReference section */
		A10E1000284F300000000019 /* WndrApp.swift */ = {isa = PBXFileReference; lastKnownFileType = sourcecode.swift; path = WndrApp.swift; sourceTree = "<group>"; };
		A10E1002284F30000000001A /* AppEnvironment.swift */ = {isa = PBXFileReference; lastKnownFileType = sourcecode.swift; path = AppEnvironment.swift; sourceTree = "<group>"; };
		A10E1004284F30000000001B /* LibraryRootCoordinator.swift */ = {isa = PBXFileReference; lastKnownFileType = sourcecode.swift; path = LibraryRootCoordinator.swift; sourceTree = "<group>"; };
		A10E1006284F30000000001C /* Info.plist */ = {isa = PBXFileReference; lastKnownFileType = text.plist.xml; path = Info.plist; sourceTree = "<group>"; };
		A10E1008284F30000000001D /* WndrKit.swift */ = {isa = PBXFileReference; lastKnownFileType = sourcecode.swift; path = WndrKit.swift; sourceTree = "<group>"; };
		A10E100A284F30000000001E /* FeatureFlags.swift */ = {isa = PBXFileReference; lastKnownFileType = sourcecode.swift; path = FeatureFlags.swift; sourceTree = "<group>"; };
		A10E100C284F30000000001F /* WndrData.swift */ = {isa = PBXFileReference; lastKnownFileType = sourcecode.swift; path = WndrData.swift; sourceTree = "<group>"; };
		A10E100E284F300000000020 /* PersistenceController.swift */ = {isa = PBXFileReference; lastKnownFileType = sourcecode.swift; path = PersistenceController.swift; sourceTree = "<group>"; };
		A10E1010284F300000000021 /* LibraryRootStore.swift */ = {isa = PBXFileReference; lastKnownFileType = sourcecode.swift; path = LibraryRootStore.swift; sourceTree = "<group>"; };
		A10E1012284F300000000022 /* WndrLogger.swift */ = {isa = PBXFileReference; lastKnownFileType = sourcecode.swift; path = WndrLogger.swift; sourceTree = "<group>"; };
		A10E1014284F300000000023 /* WndrModel.xcdatamodeld */ = {isa = PBXFileReference; lastKnownFileType = wrapper.xcdatamodel; path = WndrModel.xcdatamodeld; sourceTree = "<group>"; };
		A10E1016284F300000000024 /* WndrPDF.swift */ = {isa = PBXFileReference; lastKnownFileType = sourcecode.swift; path = WndrPDF.swift; sourceTree = "<group>"; };
		A10E1018284F300000000025 /* PDFAnnotationBridge.swift */ = {isa = PBXFileReference; lastKnownFileType = sourcecode.swift; path = PDFAnnotationBridge.swift; sourceTree = "<group>"; };
		A10E101A284F300000000026 /* WndrNotes.swift */ = {isa = PBXFileReference; lastKnownFileType = sourcecode.swift; path = WndrNotes.swift; sourceTree = "<group>"; };
		A10E101C284F300000000027 /* NoteTemplateRegistry.swift */ = {isa = PBXFileReference; lastKnownFileType = sourcecode.swift; path = NoteTemplateRegistry.swift; sourceTree = "<group>"; };
		A10E101E284F300000000028 /* WndrAutomation.swift */ = {isa = PBXFileReference; lastKnownFileType = sourcecode.swift; path = WndrAutomation.swift; sourceTree = "<group>"; };
		A10E1020284F300000000029 /* ShortcutActions.swift */ = {isa = PBXFileReference; lastKnownFileType = sourcecode.swift; path = ShortcutActions.swift; sourceTree = "<group>"; };
		A10E1022284F30000000002A /* Telemetry.swift */ = {isa = PBXFileReference; lastKnownFileType = sourcecode.swift; path = Telemetry.swift; sourceTree = "<group>"; };
		A10E1100284F30000000002C /* Wndr.app */ = {isa = PBXFileReference; explicitFileType = wrapper.application; includeInIndex = 0; path = Wndr.app; sourceTree = BUILT_PRODUCTS_DIR; };
		A10E1102284F30000000002D /* WndrKit.framework */ = {isa = PBXFileReference; explicitFileType = wrapper.framework; includeInIndex = 0; path = WndrKit.framework; sourceTree = BUILT_PRODUCTS_DIR; };
		A10E1104284F30000000002E /* WndrData.framework */ = {isa = PBXFileReference; explicitFileType = wrapper.framework; includeInIndex = 0; path = WndrData.framework; sourceTree = BUILT_PRODUCTS_DIR; };
		A10E1106284F30000000002F /* WndrPDF.framework */ = {isa = PBXFileReference; explicitFileType = wrapper.framework; includeInIndex = 0; path = WndrPDF.framework; sourceTree = BUILT_PRODUCTS_DIR; };
		A10E1108284F300000000030 /* WndrNotes.framework */ = {isa = PBXFileReference; explicitFileType = wrapper.framework; includeInIndex = 0; path = WndrNotes.framework; sourceTree = BUILT_PRODUCTS_DIR; };
		A10E110A284F300000000031 /* WndrAutomation.framework */ = {isa = PBXFileReference; explicitFileType = wrapper.framework; includeInIndex = 0; path = WndrAutomation.framework; sourceTree = BUILT_PRODUCTS_DIR; };
		B10E3001284F300000000001 /* ContentWrapper.swift */ = {isa = PBXFileReference; lastKnownFileType = sourcecode.swift; path = ContentWrapper.swift; sourceTree = "<group>"; };
		B10E3002284F300000000002 /* ImportCoordinator.swift */ = {isa = PBXFileReference; lastKnownFileType = sourcecode.swift; path = ImportCoordinator.swift; sourceTree = "<group>"; };
		B10E3014284F300000000014 /* LibraryViewStateSync.swift */ = {isa = PBXFileReference; lastKnownFileType = sourcecode.swift; path = LibraryViewStateSync.swift; sourceTree = "<group>"; };
		C10E5001284F300000000001 /* PerformanceMonitor.swift */ = {isa = PBXFileReference; lastKnownFileType = sourcecode.swift; path = PerformanceMonitor.swift; sourceTree = "<group>"; };
		C10E5002284F300000000002 /* PerformanceBudget.swift */ = {isa = PBXFileReference; lastKnownFileType = sourcecode.swift; path = PerformanceBudget.swift; sourceTree = "<group>"; };
		C10E5003284F300000000003 /* BenchmarkLibraryProfile.swift */ = {isa = PBXFileReference; lastKnownFileType = sourcecode.swift; path = BenchmarkLibraryProfile.swift; sourceTree = "<group>"; };
		C10E5004284F300000000004 /* PerformanceMetric.swift */ = {isa = PBXFileReference; lastKnownFileType = sourcecode.swift; path = PerformanceMetric.swift; sourceTree = "<group>"; };
		B10E3003284F300000000003 /* ContentAreaEnvironment.swift */ = {isa = PBXFileReference; lastKnownFileType = sourcecode.swift; path = ContentAreaEnvironment.swift; sourceTree = "<group>"; };
		B10E3004284F300000000004 /* ContentAreaView.swift */ = {isa = PBXFileReference; lastKnownFileType = sourcecode.swift; path = ContentAreaView.swift; sourceTree = "<group>"; };
		B10E3005284F300000000005 /* ContentAreaViewModel.swift */ = {isa = PBXFileReference; lastKnownFileType = sourcecode.swift; path = ContentAreaViewModel.swift; sourceTree = "<group>"; };
		B10E3006284F300000000006 /* InspectorPanelView.swift */ = {isa = PBXFileReference; lastKnownFileType = sourcecode.swift; path = InspectorPanelView.swift; sourceTree = "<group>"; };
		B10E3007284F300000000007 /* InspectorPanelViewModel.swift */ = {isa = PBXFileReference; lastKnownFileType = sourcecode.swift; path = InspectorPanelViewModel.swift; sourceTree = "<group>"; };
		B10E3008284F300000000008 /* LibrarySidebarView.swift */ = {isa = PBXFileReference; lastKnownFileType = sourcecode.swift; path = LibrarySidebarView.swift; sourceTree = "<group>"; };
		B10E3009284F300000000009 /* LibrarySidebarViewModel.swift */ = {isa = PBXFileReference; lastKnownFileType = sourcecode.swift; path = LibrarySidebarViewModel.swift; sourceTree = "<group>"; };
		B10E300A284F30000000000A /* AnnotationService.swift */ = {isa = PBXFileReference; lastKnownFileType = sourcecode.swift; path = AnnotationService.swift; sourceTree = "<group>"; };
		B10E300B284F30000000000B /* CollectionService.swift */ = {isa = PBXFileReference; lastKnownFileType = sourcecode.swift; path = CollectionService.swift; sourceTree = "<group>"; };
		B10E300C284F30000000000C /* DocumentService.swift */ = {isa = PBXFileReference; lastKnownFileType = sourcecode.swift; path = DocumentService.swift; sourceTree = "<group>"; };
		B10E300D284F30000000000D /* ImportService.swift */ = {isa = PBXFileReference; lastKnownFileType = sourcecode.swift; path = ImportService.swift; sourceTree = "<group>"; };
		B10E300E284F30000000000E /* AnnotationToolbarView.swift */ = {isa = PBXFileReference; lastKnownFileType = sourcecode.swift; path = AnnotationToolbarView.swift; sourceTree = "<group>"; };
		B10E300F284F30000000000F /* PDFViewerView.swift */ = {isa = PBXFileReference; lastKnownFileType = sourcecode.swift; path = PDFViewerView.swift; sourceTree = "<group>"; };
		B10E3010284F300000000010 /* PDFViewerViewModel.swift */ = {isa = PBXFileReference; lastKnownFileType = sourcecode.swift; path = PDFViewerViewModel.swift; sourceTree = "<group>"; };
		B10E3011284F300000000011 /* MarkdownEditorView.swift */ = {isa = PBXFileReference; lastKnownFileType = sourcecode.swift; path = MarkdownEditorView.swift; sourceTree = "<group>"; };
		B10E3012284F300000000012 /* NoteEditorViewModel.swift */ = {isa = PBXFileReference; lastKnownFileType = sourcecode.swift; path = NoteEditorViewModel.swift; sourceTree = "<group>"; };
		B10E3013284F300000000013 /* ThumbnailService.swift */ = {isa = PBXFileReference; lastKnownFileType = sourcecode.swift; path = ThumbnailService.swift; sourceTree = "<group>"; };
		C10E4001284F300000000001 /* Assets.xcassets */ = {isa = PBXFileReference; lastKnownFileType = folder.assetcatalog; path = Assets.xcassets; sourceTree = "<group>"; };
		E10E4001284F300000000001 /* PlatformCompat.swift */ = {isa = PBXFileReference; lastKnownFileType = sourcecode.swift; path = PlatformCompat.swift; sourceTree = "<group>"; };
/* End PBXFileReference section */

/* Begin PBXFrameworksBuildPhase section */
		A10E2001284F300000000034 /* Frameworks */ = {
			isa = PBXFrameworksBuildPhase;
			buildActionMask = 2147483647;
			files = (
				A10E2400284F300000000068 /* WndrKit.framework in Frameworks */,
				A10E2401284F300000000069 /* WndrData.framework in Frameworks */,
				A10E2402284F30000000006A /* WndrPDF.framework in Frameworks */,
				A10E2403284F30000000006B /* WndrNotes.framework in Frameworks */,
				A10E2404284F30000000006C /* WndrAutomation.framework in Frameworks */,
			);
			runOnlyForDeploymentPostprocessing = 0;
		};
		A10E2004284F300000000037 /* Frameworks */ = {
			isa = PBXFrameworksBuildPhase;
			buildActionMask = 2147483647;
			files = (
			);
			runOnlyForDeploymentPostprocessing = 0;
		};
		A10E2007284F30000000003A /* Frameworks */ = {
			isa = PBXFrameworksBuildPhase;
			buildActionMask = 2147483647;
			files = (
			);
			runOnlyForDeploymentPostprocessing = 0;
		};
		A10E200A284F30000000003D /* Frameworks */ = {
			isa = PBXFrameworksBuildPhase;
			buildActionMask = 2147483647;
			files = (
				34EE606AE3C5534387DF2437 /* WndrKit.framework in Frameworks */,
			);
			runOnlyForDeploymentPostprocessing = 0;
		};
		A10E200D284F300000000040 /* Frameworks */ = {
			isa = PBXFrameworksBuildPhase;
			buildActionMask = 2147483647;
			files = (
				8C576897DC976C3C2ECAB9D8 /* WndrKit.framework in Frameworks */,
			);
			runOnlyForDeploymentPostprocessing = 0;
		};
		A10E2010284F300000000043 /* Frameworks */ = {
			isa = PBXFrameworksBuildPhase;
			buildActionMask = 2147483647;
			files = (
			);
			runOnlyForDeploymentPostprocessing = 0;
		};
/* End PBXFrameworksBuildPhase section */

/* Begin PBXGroup section */
		A10E00A6284F300000000005 = {
			isa = PBXGroup;
			children = (
				A10E00A8284F300000000007 /* Sources */,
				A10E00A7284F300000000006 /* Products */,
			);
			sourceTree = "<group>";
		};
		A10E00A7284F300000000006 /* Products */ = {
			isa = PBXGroup;
			children = (
				A10E1100284F30000000002C /* Wndr.app */,
				A10E1102284F30000000002D /* WndrKit.framework */,
				A10E1104284F30000000002E /* WndrData.framework */,
				A10E1106284F30000000002F /* WndrPDF.framework */,
				A10E1108284F300000000030 /* WndrNotes.framework */,
				A10E110A284F300000000031 /* WndrAutomation.framework */,
			);
			name = Products;
			sourceTree = "<group>";
		};
		A10E00A8284F300000000007 /* Sources */ = {
			isa = PBXGroup;
			children = (
				A10E00AA284F300000000009 /* Sources/WndrApp */,
				A10E00AD284F30000000000C /* Sources/WndrKit */,
				A10E00AF284F30000000000E /* Sources/WndrData */,
				A10E00B1284F300000000010 /* Sources/WndrPDF */,
				A10E00B3284F300000000012 /* Sources/WndrNotes */,
				A10E00B5284F300000000014 /* Sources/WndrAutomation */,
				A10E1024284F30000000002B /* Shared */,
			);
			name = Sources;
			sourceTree = "<group>";
		};
		A10E00AA284F300000000009 /* Sources/WndrApp */ = {
			isa = PBXGroup;
			children = (
				A10E00AB284F30000000000A /* Sources */,
				A10E00AC284F30000000000B /* Resources */,
			);
			path = Sources/WndrApp;
			sourceTree = "<group>";
		};
		A10E00AB284F30000000000A /* Sources */ = {
			isa = PBXGroup;
			children = (
				A10E1000284F300000000019 /* WndrApp.swift */,
				A10E1002284F30000000001A /* AppEnvironment.swift */,
				A10E1004284F30000000001B /* LibraryRootCoordinator.swift */,
				B10E3001284F300000000001 /* ContentWrapper.swift */,
				B10E3002284F300000000002 /* ImportCoordinator.swift */,
				B10E3014284F300000000014 /* LibraryViewStateSync.swift */,
			);
			path = Sources;
			sourceTree = "<group>";
		};
		A10E00AC284F30000000000B /* Resources */ = {
			isa = PBXGroup;
			children = (
				C10E4001284F300000000001 /* Assets.xcassets */,
				A10E1006284F30000000001C /* Info.plist */,
			);
			path = Resources;
			sourceTree = "<group>";
		};
		A10E00AD284F30000000000C /* Sources/WndrKit */ = {
			isa = PBXGroup;
			children = (
				A10E00AE284F30000000000D /* Sources */,
			);
			path = Sources/WndrKit;
			sourceTree = "<group>";
		};
		A10E00AE284F30000000000D /* Sources */ = {
			isa = PBXGroup;
			children = (
				A10E1008284F30000000001D /* WndrKit.swift */,
				A10E100A284F30000000001E /* FeatureFlags.swift */,
				E10E4001284F300000000001 /* PlatformCompat.swift */,
				B10E3003284F300000000003 /* ContentAreaEnvironment.swift */,
				B10E3004284F300000000004 /* ContentAreaView.swift */,
				B10E3005284F300000000005 /* ContentAreaViewModel.swift */,
				B10E3006284F300000000006 /* InspectorPanelView.swift */,
				B10E3007284F300000000007 /* InspectorPanelViewModel.swift */,
				B10E3008284F300000000008 /* LibrarySidebarView.swift */,
				B10E3009284F300000000009 /* LibrarySidebarViewModel.swift */,
			);
			path = Sources;
			sourceTree = "<group>";
		};
		A10E00AF284F30000000000E /* Sources/WndrData */ = {
			isa = PBXGroup;
			children = (
				A10E00B0284F30000000000F /* Sources */,
				A10E00BA284F300000000016 /* Resources */,
			);
			path = Sources/WndrData;
			sourceTree = "<group>";
		};
		A10E00B0284F30000000000F /* Sources */ = {
			isa = PBXGroup;
			children = (
				A10E100C284F30000000001F /* WndrData.swift */,
				A10E100E284F300000000020 /* PersistenceController.swift */,
				A10E1010284F300000000021 /* LibraryRootStore.swift */,
				A10E1012284F300000000022 /* WndrLogger.swift */,
				B10E300A284F30000000000A /* AnnotationService.swift */,
				B10E300B284F30000000000B /* CollectionService.swift */,
				B10E300C284F30000000000C /* DocumentService.swift */,
				B10E300D284F30000000000D /* ImportService.swift */,
				B10E3013284F300000000013 /* ThumbnailService.swift */,
				C10E5001284F300000000001 /* PerformanceMonitor.swift */,
				C10E5002284F300000000002 /* PerformanceBudget.swift */,
				C10E5003284F300000000003 /* BenchmarkLibraryProfile.swift */,
				C10E5004284F300000000004 /* PerformanceMetric.swift */,
			);
			path = Sources;
			sourceTree = "<group>";
		};
		A10E00B1284F300000000010 /* Sources/WndrPDF */ = {
			isa = PBXGroup;
			children = (
				A10E00B2284F300000000011 /* Sources */,
			);
			path = Sources/WndrPDF;
			sourceTree = "<group>";
		};
		A10E00B2284F300000000011 /* Sources */ = {
			isa = PBXGroup;
			children = (
				A10E1016284F300000000024 /* WndrPDF.swift */,
				A10E1018284F300000000025 /* PDFAnnotationBridge.swift */,
				B10E300E284F30000000000E /* AnnotationToolbarView.swift */,
				B10E300F284F30000000000F /* PDFViewerView.swift */,
				B10E3010284F300000000010 /* PDFViewerViewModel.swift */,
			);
			path = Sources;
			sourceTree = "<group>";
		};
		A10E00B3284F300000000012 /* Sources/WndrNotes */ = {
			isa = PBXGroup;
			children = (
				A10E00B4284F300000000013 /* Sources */,
			);
			path = Sources/WndrNotes;
			sourceTree = "<group>";
		};
		A10E00B4284F300000000013 /* Sources */ = {
			isa = PBXGroup;
			children = (
				A10E101A284F300000000026 /* WndrNotes.swift */,
				A10E101C284F300000000027 /* NoteTemplateRegistry.swift */,
				B10E3011284F300000000011 /* MarkdownEditorView.swift */,
				B10E3012284F300000000012 /* NoteEditorViewModel.swift */,
			);
			path = Sources;
			sourceTree = "<group>";
		};
		A10E00B5284F300000000014 /* Sources/WndrAutomation */ = {
			isa = PBXGroup;
			children = (
				A10E00B6284F300000000015 /* Sources */,
			);
			path = Sources/WndrAutomation;
			sourceTree = "<group>";
		};
		A10E00B6284F300000000015 /* Sources */ = {
			isa = PBXGroup;
			children = (
				A10E101E284F300000000028 /* WndrAutomation.swift */,
				A10E1020284F300000000029 /* ShortcutActions.swift */,
			);
			path = Sources;
			sourceTree = "<group>";
		};
		A10E00BA284F300000000016 /* Resources */ = {
			isa = PBXGroup;
			children = (
				A10E1014284F300000000023 /* WndrModel.xcdatamodeld */,
			);
			path = Resources;
			sourceTree = "<group>";
		};
		A10E1024284F30000000002B /* Shared */ = {
			isa = PBXGroup;
			children = (
				A10E1025284F30000000002C /* Support */,
			);
			path = Shared;
			sourceTree = "<group>";
		};
		A10E1025284F30000000002C /* Support */ = {
			isa = PBXGroup;
			children = (
				A10E1022284F30000000002A /* Telemetry.swift */,
			);
			path = Support;
			sourceTree = "<group>";
		};
/* End PBXGroup section */

/* Begin PBXNativeTarget section */
		A10E2100284F300000000045 /* WndrApp */ = {
			isa = PBXNativeTarget;
			buildConfigurationList = A10E2200284F30000000004B /* Build configuration list for PBXNativeTarget "WndrApp" */;
			buildPhases = (
				A10E2000284F300000000033 /* Sources */,
				A10E2001284F300000000034 /* Frameworks */,
				A10E2002284F300000000035 /* Resources */,
			);
			buildRules = (
			);
			dependencies = (
				A10E2302284F30000000005F /* PBXTargetDependency */,
				A10E2304284F300000000061 /* PBXTargetDependency */,
				A10E2306284F300000000063 /* PBXTargetDependency */,
				A10E2308284F300000000065 /* PBXTargetDependency */,
				A10E230A284F300000000067 /* PBXTargetDependency */,
			);
			name = WndrApp;
			productName = Wndr;
			productReference = A10E1100284F30000000002C /* Wndr.app */;
			productType = "com.apple.product-type.application";
		};
		A10E2101284F300000000046 /* WndrKit */ = {
			isa = PBXNativeTarget;
			buildConfigurationList = A10E2203284F30000000004E /* Build configuration list for PBXNativeTarget "WndrKit" */;
			buildPhases = (
				A10E2003284F300000000036 /* Sources */,
				A10E2004284F300000000037 /* Frameworks */,
				A10E2005284F300000000038 /* Resources */,
			);
			buildRules = (
			);
			dependencies = (
			);
			name = WndrKit;
			productName = WndrKit;
			productReference = A10E1102284F30000000002D /* WndrKit.framework */;
			productType = "com.apple.product-type.framework";
		};
		A10E2102284F300000000047 /* WndrData */ = {
			isa = PBXNativeTarget;
			buildConfigurationList = A10E2206284F300000000051 /* Build configuration list for PBXNativeTarget "WndrData" */;
			buildPhases = (
				A10E2006284F300000000039 /* Sources */,
				A10E2007284F30000000003A /* Frameworks */,
				A10E2008284F30000000003B /* Resources */,
			);
			buildRules = (
			);
			dependencies = (
			);
			name = WndrData;
			productName = WndrData;
			productReference = A10E1104284F30000000002E /* WndrData.framework */;
			productType = "com.apple.product-type.framework";
		};
		A10E2103284F300000000048 /* WndrPDF */ = {
			isa = PBXNativeTarget;
			buildConfigurationList = A10E2209284F300000000054 /* Build configuration list for PBXNativeTarget "WndrPDF" */;
			buildPhases = (
				A10E2009284F30000000003C /* Sources */,
				A10E200A284F30000000003D /* Frameworks */,
				A10E200B284F30000000003E /* Resources */,
			);
			buildRules = (
			);
			dependencies = (
				91D7FD163B0219258FFAE446 /* PBXTargetDependency */,
			);
			name = WndrPDF;
			productName = WndrPDF;
			productReference = A10E1106284F30000000002F /* WndrPDF.framework */;
			productType = "com.apple.product-type.framework";
		};
		A10E2104284F300000000049 /* WndrNotes */ = {
			isa = PBXNativeTarget;
			buildConfigurationList = A10E220C284F300000000057 /* Build configuration list for PBXNativeTarget "WndrNotes" */;
			buildPhases = (
				A10E200C284F30000000003F /* Sources */,
				A10E200D284F300000000040 /* Frameworks */,
				A10E200E284F300000000041 /* Resources */,
			);
			buildRules = (
			);
			dependencies = (
				568C146EC1DD3064BE45B8F8 /* PBXTargetDependency */,
			);
			name = WndrNotes;
			productName = WndrNotes;
			productReference = A10E1108284F300000000030 /* WndrNotes.framework */;
			productType = "com.apple.product-type.framework";
		};
		A10E2105284F30000000004A /* WndrAutomation */ = {
			isa = PBXNativeTarget;
			buildConfigurationList = A10E220F284F30000000005A /* Build configuration list for PBXNativeTarget "WndrAutomation" */;
			buildPhases = (
				A10E200F284F300000000042 /* Sources */,
				A10E2010284F300000000043 /* Frameworks */,
				A10E2011284F300000000044 /* Resources */,
			);
			buildRules = (
			);
			dependencies = (
			);
			name = WndrAutomation;
			productName = WndrAutomation;
			productReference = A10E110A284F300000000031 /* WndrAutomation.framework */;
			productType = "com.apple.product-type.framework";
		};
/* End PBXNativeTarget section */

/* Begin PBXProject section */
		A10E00A2284F300000000001 /* Project object */ = {
			isa = PBXProject;
			attributes = {
				BuildIndependentTargetsInParallel = 1;
				LastSwiftUpdateCheck = 2620;
				LastUpgradeCheck = 2620;
				TargetAttributes = {
					A10E2100284F300000000045 = {
						CreatedOnToolsVersion = 15.0;
					};
					A10E2101284F300000000046 = {
						CreatedOnToolsVersion = 15.0;
					};
					A10E2102284F300000000047 = {
						CreatedOnToolsVersion = 15.0;
					};
					A10E2103284F300000000048 = {
						CreatedOnToolsVersion = 15.0;
					};
					A10E2104284F300000000049 = {
						CreatedOnToolsVersion = 15.0;
					};
					A10E2105284F30000000004A = {
						CreatedOnToolsVersion = 15.0;
					};
				};
			};
			buildConfigurationList = A10E00A3284F300000000002 /* Build configuration list for PBXProject "Wndr" */;
			compatibilityVersion = "Xcode 14.0";
			developmentRegion = en;
			hasScannedForEncodings = 0;
			knownRegions = (
				en,
				Base,
			);
			mainGroup = A10E00A6284F300000000005;
			productRefGroup = A10E00A7284F300000000006 /* Products */;
			projectDirPath = "";
			projectRoot = "";
			targets = (
				A10E2100284F300000000045 /* WndrApp */,
				A10E2101284F300000000046 /* WndrKit */,
				A10E2102284F300000000047 /* WndrData */,
				A10E2103284F300000000048 /* WndrPDF */,
				A10E2104284F300000000049 /* WndrNotes */,
				A10E2105284F30000000004A /* WndrAutomation */,
			);
		};
/* End PBXProject section */

/* Begin PBXResourcesBuildPhase section */
		A10E2002284F300000000035 /* Resources */ = {
			isa = PBXResourcesBuildPhase;
			buildActionMask = 2147483647;
			files = (
				C10E5009284F300000000009 /* Assets.xcassets in Resources */,
			);
			runOnlyForDeploymentPostprocessing = 0;
		};
		A10E2005284F300000000038 /* Resources */ = {
			isa = PBXResourcesBuildPhase;
			buildActionMask = 2147483647;
			files = (
			);
			runOnlyForDeploymentPostprocessing = 0;
		};
		A10E2008284F30000000003B /* Resources */ = {
			isa = PBXResourcesBuildPhase;
			buildActionMask = 2147483647;
			files = (
			);
			runOnlyForDeploymentPostprocessing = 0;
		};
		A10E200B284F30000000003E /* Resources */ = {
			isa = PBXResourcesBuildPhase;
			buildActionMask = 2147483647;
			files = (
			);
			runOnlyForDeploymentPostprocessing = 0;
		};
		A10E200E284F300000000041 /* Resources */ = {
			isa = PBXResourcesBuildPhase;
			buildActionMask = 2147483647;
			files = (
			);
			runOnlyForDeploymentPostprocessing = 0;
		};
		A10E2011284F300000000044 /* Resources */ = {
			isa = PBXResourcesBuildPhase;
			buildActionMask = 2147483647;
			files = (
			);
			runOnlyForDeploymentPostprocessing = 0;
		};
/* End PBXResourcesBuildPhase section */

/* Begin PBXSourcesBuildPhase section */
		A10E2000284F300000000033 /* Sources */ = {
			isa = PBXSourcesBuildPhase;
			buildActionMask = 2147483647;
			files = (
				A10E2500284F300000000069 /* WndrApp.swift in Sources */,
				A10E2501284F30000000006A /* AppEnvironment.swift in Sources */,
				A10E2502284F30000000006B /* LibraryRootCoordinator.swift in Sources */,
				B10E4001284F300000000001 /* ContentWrapper.swift in Sources */,
				B10E4002284F300000000002 /* ImportCoordinator.swift in Sources */,
				B10E4014284F300000000014 /* LibraryViewStateSync.swift in Sources */,
			);
			runOnlyForDeploymentPostprocessing = 0;
		};
		A10E2003284F300000000036 /* Sources */ = {
			isa = PBXSourcesBuildPhase;
			buildActionMask = 2147483647;
			files = (
				A10E2503284F30000000006C /* WndrKit.swift in Sources */,
				A10E2504284F30000000006D /* FeatureFlags.swift in Sources */,
				E10E5001284F300000000001 /* PlatformCompat.swift in Sources */,
				B10E4003284F300000000003 /* ContentAreaEnvironment.swift in Sources */,
				B10E4004284F300000000004 /* ContentAreaView.swift in Sources */,
				B10E4005284F300000000005 /* ContentAreaViewModel.swift in Sources */,
				B10E4006284F300000000006 /* InspectorPanelView.swift in Sources */,
				B10E4007284F300000000007 /* InspectorPanelViewModel.swift in Sources */,
				B10E4008284F300000000008 /* LibrarySidebarView.swift in Sources */,
				B10E4009284F300000000009 /* LibrarySidebarViewModel.swift in Sources */,
			);
			runOnlyForDeploymentPostprocessing = 0;
		};
		A10E2006284F300000000039 /* Sources */ = {
			isa = PBXSourcesBuildPhase;
			buildActionMask = 2147483647;
			files = (
				A10E2505284F30000000006E /* WndrData.swift in Sources */,
				A10E2506284F30000000006F /* PersistenceController.swift in Sources */,
				A10E2507284F300000000070 /* LibraryRootStore.swift in Sources */,
				A10E2508284F300000000071 /* WndrLogger.swift in Sources */,
				A10E2509284F300000000072 /* Telemetry.swift in Sources */,
				B10E400A284F30000000000A /* AnnotationService.swift in Sources */,
				B10E400B284F30000000000B /* CollectionService.swift in Sources */,
				B10E400C284F30000000000C /* DocumentService.swift in Sources */,
				B10E400D284F30000000000D /* ImportService.swift in Sources */,
				B10E4013284F300000000013 /* ThumbnailService.swift in Sources */,
				C10E5008284F300000000008 /* PerformanceMonitor.swift in Sources */,
				C10E5005284F300000000005 /* PerformanceBudget.swift in Sources */,
				C10E5006284F300000000006 /* BenchmarkLibraryProfile.swift in Sources */,
				C10E5007284F300000000007 /* PerformanceMetric.swift in Sources */,
				A10E250A284F300000000073 /* WndrModel.xcdatamodeld in Sources */,
			);
			runOnlyForDeploymentPostprocessing = 0;
		};
		A10E2009284F30000000003C /* Sources */ = {
			isa = PBXSourcesBuildPhase;
			buildActionMask = 2147483647;
			files = (
				A10E250B284F300000000074 /* WndrPDF.swift in Sources */,
				A10E250C284F300000000075 /* PDFAnnotationBridge.swift in Sources */,
				B10E400E284F30000000000E /* AnnotationToolbarView.swift in Sources */,
				B10E400F284F30000000000F /* PDFViewerView.swift in Sources */,
				B10E4010284F300000000010 /* PDFViewerViewModel.swift in Sources */,
			);
			runOnlyForDeploymentPostprocessing = 0;
		};
		A10E200C284F30000000003F /* Sources */ = {
			isa = PBXSourcesBuildPhase;
			buildActionMask = 2147483647;
			files = (
				A10E250D284F300000000076 /* WndrNotes.swift in Sources */,
				A10E250E284F300000000077 /* NoteTemplateRegistry.swift in Sources */,
				B10E4011284F300000000011 /* MarkdownEditorView.swift in Sources */,
				B10E4012284F300000000012 /* NoteEditorViewModel.swift in Sources */,
			);
			runOnlyForDeploymentPostprocessing = 0;
		};
		A10E200F284F300000000042 /* Sources */ = {
			isa = PBXSourcesBuildPhase;
			buildActionMask = 2147483647;
			files = (
				A10E250F284F300000000078 /* WndrAutomation.swift in Sources */,
				A10E2510284F300000000079 /* ShortcutActions.swift in Sources */,
			);
			runOnlyForDeploymentPostprocessing = 0;
		};
/* End PBXSourcesBuildPhase section */

/* Begin PBXTargetDependency section */
		568C146EC1DD3064BE45B8F8 /* PBXTargetDependency */ = {
			isa = PBXTargetDependency;
			target = A10E2101284F300000000046 /* WndrKit */;
			targetProxy = A10E2301284F30000000005E /* PBXContainerItemProxy */;
		};
		91D7FD163B0219258FFAE446 /* PBXTargetDependency */ = {
			isa = PBXTargetDependency;
			target = A10E2101284F300000000046 /* WndrKit */;
			targetProxy = A10E2301284F30000000005E /* PBXContainerItemProxy */;
		};
		A10E2302284F30000000005F /* PBXTargetDependency */ = {
			isa = PBXTargetDependency;
			target = A10E2101284F300000000046 /* WndrKit */;
			targetProxy = A10E2301284F30000000005E /* PBXContainerItemProxy */;
		};
		A10E2304284F300000000061 /* PBXTargetDependency */ = {
			isa = PBXTargetDependency;
			target = A10E2102284F300000000047 /* WndrData */;
			targetProxy = A10E2303284F300000000060 /* PBXContainerItemProxy */;
		};
		A10E2306284F300000000063 /* PBXTargetDependency */ = {
			isa = PBXTargetDependency;
			target = A10E2103284F300000000048 /* WndrPDF */;
			targetProxy = A10E2305284F300000000062 /* PBXContainerItemProxy */;
		};
		A10E2308284F300000000065 /* PBXTargetDependency */ = {
			isa = PBXTargetDependency;
			target = A10E2104284F300000000049 /* WndrNotes */;
			targetProxy = A10E2307284F300000000064 /* PBXContainerItemProxy */;
		};
		A10E230A284F300000000067 /* PBXTargetDependency */ = {
			isa = PBXTargetDependency;
			target = A10E2105284F30000000004A /* WndrAutomation */;
			targetProxy = A10E2309284F300000000066 /* PBXContainerItemProxy */;
		};
/* End PBXTargetDependency section */

/* Begin XCBuildConfiguration section */
		A10E00A4284F300000000003 /* Debug */ = {
			isa = XCBuildConfiguration;
			buildSettings = {
				ALWAYS_SEARCH_USER_PATHS = NO;
				ASSETCATALOG_COMPILER_GENERATE_SWIFT_ASSET_SYMBOL_EXTENSIONS = YES;
				CLANG_ANALYZER_NONNULL = YES;
				CLANG_ANALYZER_NUMBER_OBJECT_CONVERSION = YES_AGGRESSIVE;
				CLANG_CXX_LANGUAGE_STANDARD = "gnu++20";
				CLANG_ENABLE_MODULES = YES;
				CLANG_ENABLE_OBJC_ARC = YES;
				CLANG_WARN_BLOCK_CAPTURE_AUTORELEASING = YES;
				CLANG_WARN_BOOL_CONVERSION = YES;
				CLANG_WARN_COMMA = YES;
				CLANG_WARN_CONSTANT_CONVERSION = YES;
				CLANG_WARN_DEPRECATED_OBJC_IMPLEMENTATIONS = YES;
				CLANG_WARN_DIRECT_OBJC_ISA_USAGE = YES_ERROR;
				CLANG_WARN_DOCUMENTATION_COMMENTS = YES;
				CLANG_WARN_EMPTY_BODY = YES;
				CLANG_WARN_ENUM_CONVERSION = YES;
				CLANG_WARN_INFINITE_RECURSION = YES;
				CLANG_WARN_INT_CONVERSION = YES;
				CLANG_WARN_NON_LITERAL_NULL_CONVERSION = YES;
				CLANG_WARN_OBJC_IMPLICIT_RETAIN_SELF = YES;
				CLANG_WARN_OBJC_LITERAL_CONVERSION = YES;
				CLANG_WARN_OBJC_ROOT_CLASS = YES_ERROR;
				CLANG_WARN_QUOTED_INCLUDE_IN_FRAMEWORK_HEADER = YES;
				CLANG_WARN_RANGE_LOOP_ANALYSIS = YES;
				CLANG_WARN_STRICT_PROTOTYPES = YES;
				CLANG_WARN_SUSPICIOUS_MOVE = YES;
				CLANG_WARN_UNREACHABLE_CODE = YES;
				CLANG_WARN__DUPLICATE_METHOD_MATCH = YES;
				COPY_PHASE_STRIP = NO;
				DEAD_CODE_STRIPPING = YES;
				DEBUG_INFORMATION_FORMAT = dwarf;
				ENABLE_STRICT_OBJC_MSGSEND = YES;
				ENABLE_TESTABILITY = YES;
				ENABLE_USER_SCRIPT_SANDBOXING = YES;
				GCC_C_LANGUAGE_STANDARD = gnu11;
				GCC_DYNAMIC_NO_PIC = NO;
				GCC_NO_COMMON_BLOCKS = YES;
				GCC_OPTIMIZATION_LEVEL = 0;
				GCC_PREPROCESSOR_DEFINITIONS = (
					"DEBUG=1",
					"$(inherited)",
				);
				GCC_WARN_64_TO_32_BIT_CONVERSION = YES;
				GCC_WARN_ABOUT_RETURN_TYPE = YES_ERROR;
				GCC_WARN_UNDECLARED_SELECTOR = YES;
				GCC_WARN_UNINITIALIZED_AUTOS = YES_AGGRESSIVE;
				GCC_WARN_UNUSED_FUNCTION = YES;
				GCC_WARN_UNUSED_VARIABLE = YES;
				MACOSX_DEPLOYMENT_TARGET = 14.0;
				MTL_ENABLE_DEBUG_INFO = INCLUDE_SOURCE;
				MTL_FAST_MATH = YES;
				ONLY_ACTIVE_ARCH = YES;
				SDKROOT = macosx;
				STRING_CATALOG_GENERATE_SYMBOLS = YES;
				SWIFT_ACTIVE_COMPILATION_CONDITIONS = DEBUG;
				SWIFT_OPTIMIZATION_LEVEL = "-Onone";
				SWIFT_VERSION = 5.9;
			};
			name = Debug;
		};
		A10E00A5284F300000000004 /* Release */ = {
			isa = XCBuildConfiguration;
			buildSettings = {
				ALWAYS_SEARCH_USER_PATHS = NO;
				ASSETCATALOG_COMPILER_GENERATE_SWIFT_ASSET_SYMBOL_EXTENSIONS = YES;
				CLANG_ANALYZER_NONNULL = YES;
				CLANG_ANALYZER_NUMBER_OBJECT_CONVERSION = YES_AGGRESSIVE;
				CLANG_CXX_LANGUAGE_STANDARD = "gnu++20";
				CLANG_ENABLE_MODULES = YES;
				CLANG_ENABLE_OBJC_ARC = YES;
				CLANG_WARN_BLOCK_CAPTURE_AUTORELEASING = YES;
				CLANG_WARN_BOOL_CONVERSION = YES;
				CLANG_WARN_COMMA = YES;
				CLANG_WARN_CONSTANT_CONVERSION = YES;
				CLANG_WARN_DEPRECATED_OBJC_IMPLEMENTATIONS = YES;
				CLANG_WARN_DIRECT_OBJC_ISA_USAGE = YES_ERROR;
				CLANG_WARN_DOCUMENTATION_COMMENTS = YES;
				CLANG_WARN_EMPTY_BODY = YES;
				CLANG_WARN_ENUM_CONVERSION = YES;
				CLANG_WARN_INFINITE_RECURSION = YES;
				CLANG_WARN_INT_CONVERSION = YES;
				CLANG_WARN_NON_LITERAL_NULL_CONVERSION = YES;
				CLANG_WARN_OBJC_IMPLICIT_RETAIN_SELF = YES;
				CLANG_WARN_OBJC_LITERAL_CONVERSION = YES;
				CLANG_WARN_OBJC_ROOT_CLASS = YES_ERROR;
				CLANG_WARN_QUOTED_INCLUDE_IN_FRAMEWORK_HEADER = YES;
				CLANG_WARN_RANGE_LOOP_ANALYSIS = YES;
				CLANG_WARN_STRICT_PROTOTYPES = YES;
				CLANG_WARN_SUSPICIOUS_MOVE = YES;
				CLANG_WARN_UNREACHABLE_CODE = YES;
				CLANG_WARN__DUPLICATE_METHOD_MATCH = YES;
				COPY_PHASE_STRIP = NO;
				DEAD_CODE_STRIPPING = YES;
				DEBUG_INFORMATION_FORMAT = "dwarf-with-dsym";
				ENABLE_NS_ASSERTIONS = NO;
				ENABLE_STRICT_OBJC_MSGSEND = YES;
				ENABLE_USER_SCRIPT_SANDBOXING = YES;
				GCC_C_LANGUAGE_STANDARD = gnu11;
				GCC_NO_COMMON_BLOCKS = YES;
				GCC_WARN_64_TO_32_BIT_CONVERSION = YES;
				GCC_WARN_ABOUT_RETURN_TYPE = YES_ERROR;
				GCC_WARN_UNDECLARED_SELECTOR = YES;
				GCC_WARN_UNINITIALIZED_AUTOS = YES_AGGRESSIVE;
				GCC_WARN_UNUSED_FUNCTION = YES;
				GCC_WARN_UNUSED_VARIABLE = YES;
				MACOSX_DEPLOYMENT_TARGET = 14.0;
				MTL_ENABLE_DEBUG_INFO = NO;
				MTL_FAST_MATH = YES;
				SDKROOT = macosx;
				STRING_CATALOG_GENERATE_SYMBOLS = YES;
				SWIFT_COMPILATION_MODE = wholemodule;
				SWIFT_OPTIMIZATION_LEVEL = "-O";
				SWIFT_VERSION = 5.9;
			};
			name = Release;
		};
		A10E2201284F30000000004C /* Debug */ = {
			isa = XCBuildConfiguration;
			buildSettings = {
				ASSETCATALOG_COMPILER_APPICON_NAME = AppIcon;
				CODE_SIGN_STYLE = Automatic;
				CURRENT_PROJECT_VERSION = 3;
				DEAD_CODE_STRIPPING = YES;
				DEVELOPMENT_TEAM = "";
				GENERATE_INFOPLIST_FILE = NO;
				INFOPLIST_FILE = Sources/WndrApp/Resources/Info.plist;
				LD_RUNPATH_SEARCH_PATHS = (
					"$(inherited)",
					"@executable_path/../Frameworks",
				);
				MACOSX_DEPLOYMENT_TARGET = 14.0;
				MARKETING_VERSION = 0.4.0;
				PRODUCT_BUNDLE_IDENTIFIER = com.wndr.app;
				PRODUCT_NAME = Wndr;
				SWIFT_EMIT_LOC_STRINGS = YES;
				SWIFT_VERSION = 5.9;
				TARGETED_DEVICE_FAMILY = "1,2";
			};
			name = Debug;
		};
		A10E2202284F30000000004D /* Release */ = {
			isa = XCBuildConfiguration;
			buildSettings = {
				ASSETCATALOG_COMPILER_APPICON_NAME = AppIcon;
				CODE_SIGN_STYLE = Automatic;
				CURRENT_PROJECT_VERSION = 3;
				DEAD_CODE_STRIPPING = YES;
				DEVELOPMENT_TEAM = "";
				GENERATE_INFOPLIST_FILE = NO;
				INFOPLIST_FILE = Sources/WndrApp/Resources/Info.plist;
				LD_RUNPATH_SEARCH_PATHS = (
					"$(inherited)",
					"@executable_path/../Frameworks",
				);
				MACOSX_DEPLOYMENT_TARGET = 14.0;
				MARKETING_VERSION = 0.4.0;
				PRODUCT_BUNDLE_IDENTIFIER = com.wndr.app;
				PRODUCT_NAME = Wndr;
				SWIFT_EMIT_LOC_STRINGS = YES;
				SWIFT_VERSION = 5.9;
				TARGETED_DEVICE_FAMILY = "1,2";
			};
			name = Release;
		};
		A10E2204284F30000000004F /* Debug */ = {
			isa = XCBuildConfiguration;
			buildSettings = {
				CODE_SIGN_STYLE = Automatic;
				CURRENT_PROJECT_VERSION = 3;
				DEAD_CODE_STRIPPING = YES;
				DEFINES_MODULE = YES;
				DEVELOPMENT_TEAM = "";
				DYLIB_INSTALL_NAME_BASE = "@rpath";
				ENABLE_MODULE_VERIFIER = YES;
				GENERATE_INFOPLIST_FILE = YES;
				INFOPLIST_KEY_NSHumanReadableCopyright = "Copyright © 2024 Wndr. All rights reserved.";
				INSTALL_PATH = "$(LOCAL_LIBRARY_DIR)/Frameworks";
				LD_RUNPATH_SEARCH_PATHS = (
					"$(inherited)",
					"@executable_path/../Frameworks",
					"@loader_path/Frameworks",
				);
				MACOSX_DEPLOYMENT_TARGET = 14.0;
				MARKETING_VERSION = 0.4.0;
				MODULE_VERIFIER_SUPPORTED_LANGUAGE_STANDARDS = "gnu11 gnu++20";
				PRODUCT_BUNDLE_IDENTIFIER = com.wndr.WndrKit;
				PRODUCT_NAME = "$(TARGET_NAME:c99extidentifier)";
				SKIP_INSTALL = YES;
				SWIFT_EMIT_LOC_STRINGS = YES;
				SWIFT_INSTALL_OBJC_HEADER = YES;
				SWIFT_OBJC_INTERFACE_HEADER_NAME = "$(PRODUCT_MODULE_NAME)-Swift.h";
				SWIFT_VERSION = 5.9;
				TARGETED_DEVICE_FAMILY = "1,2";
				VERSIONING_SYSTEM = "apple-generic";
			};
			name = Debug;
		};
		A10E2205284F300000000050 /* Release */ = {
			isa = XCBuildConfiguration;
			buildSettings = {
				CODE_SIGN_STYLE = Automatic;
				CURRENT_PROJECT_VERSION = 3;
				DEAD_CODE_STRIPPING = YES;
				DEFINES_MODULE = YES;
				DEVELOPMENT_TEAM = "";
				DYLIB_INSTALL_NAME_BASE = "@rpath";
				ENABLE_MODULE_VERIFIER = YES;
				GENERATE_INFOPLIST_FILE = YES;
				INFOPLIST_KEY_NSHumanReadableCopyright = "Copyright © 2024 Wndr. All rights reserved.";
				INSTALL_PATH = "$(LOCAL_LIBRARY_DIR)/Frameworks";
				LD_RUNPATH_SEARCH_PATHS = (
					"$(inherited)",
					"@executable_path/../Frameworks",
					"@loader_path/Frameworks",
				);
				MACOSX_DEPLOYMENT_TARGET = 14.0;
				MARKETING_VERSION = 0.4.0;
				MODULE_VERIFIER_SUPPORTED_LANGUAGE_STANDARDS = "gnu11 gnu++20";
				PRODUCT_BUNDLE_IDENTIFIER = com.wndr.WndrKit;
				PRODUCT_NAME = "$(TARGET_NAME:c99extidentifier)";
				SKIP_INSTALL = YES;
				SWIFT_EMIT_LOC_STRINGS = YES;
				SWIFT_INSTALL_OBJC_HEADER = YES;
				SWIFT_OBJC_INTERFACE_HEADER_NAME = "$(PRODUCT_MODULE_NAME)-Swift.h";
				SWIFT_VERSION = 5.9;
				TARGETED_DEVICE_FAMILY = "1,2";
				VERSIONING_SYSTEM = "apple-generic";
			};
			name = Release;
		};
		A10E2207284F300000000052 /* Debug */ = {
			isa = XCBuildConfiguration;
			buildSettings = {
				CODE_SIGN_STYLE = Automatic;
				CURRENT_PROJECT_VERSION = 3;
				DEAD_CODE_STRIPPING = YES;
				DEFINES_MODULE = YES;
				DEVELOPMENT_TEAM = "";
				DYLIB_INSTALL_NAME_BASE = "@rpath";
				ENABLE_MODULE_VERIFIER = YES;
				GENERATE_INFOPLIST_FILE = YES;
				INFOPLIST_KEY_NSHumanReadableCopyright = "Copyright © 2024 Wndr. All rights reserved.";
				INSTALL_PATH = "$(LOCAL_LIBRARY_DIR)/Frameworks";
				LD_RUNPATH_SEARCH_PATHS = (
					"$(inherited)",
					"@executable_path/../Frameworks",
					"@loader_path/Frameworks",
				);
				MACOSX_DEPLOYMENT_TARGET = 14.0;
				MARKETING_VERSION = 0.4.0;
				MODULE_VERIFIER_SUPPORTED_LANGUAGE_STANDARDS = "gnu11 gnu++20";
				PRODUCT_BUNDLE_IDENTIFIER = com.wndr.WndrData;
				PRODUCT_NAME = "$(TARGET_NAME:c99extidentifier)";
				SKIP_INSTALL = YES;
				SWIFT_EMIT_LOC_STRINGS = YES;
				SWIFT_VERSION = 5.9;
				TARGETED_DEVICE_FAMILY = "1,2";
				VERSIONING_SYSTEM = "apple-generic";
			};
			name = Debug;
		};
		A10E2208284F300000000053 /* Release */ = {
			isa = XCBuildConfiguration;
			buildSettings = {
				CODE_SIGN_STYLE = Automatic;
				CURRENT_PROJECT_VERSION = 3;
				DEAD_CODE_STRIPPING = YES;
				DEFINES_MODULE = YES;
				DEVELOPMENT_TEAM = "";
				DYLIB_INSTALL_NAME_BASE = "@rpath";
				ENABLE_MODULE_VERIFIER = YES;
				GENERATE_INFOPLIST_FILE = YES;
				INFOPLIST_KEY_NSHumanReadableCopyright = "Copyright © 2024 Wndr. All rights reserved.";
				INSTALL_PATH = "$(LOCAL_LIBRARY_DIR)/Frameworks";
				LD_RUNPATH_SEARCH_PATHS = (
					"$(inherited)",
					"@executable_path/../Frameworks",
					"@loader_path/Frameworks",
				);
				MACOSX_DEPLOYMENT_TARGET = 14.0;
				MARKETING_VERSION = 0.4.0;
				MODULE_VERIFIER_SUPPORTED_LANGUAGE_STANDARDS = "gnu11 gnu++20";
				PRODUCT_BUNDLE_IDENTIFIER = com.wndr.WndrData;
				PRODUCT_NAME = "$(TARGET_NAME:c99extidentifier)";
				SKIP_INSTALL = YES;
				SWIFT_EMIT_LOC_STRINGS = YES;
				SWIFT_VERSION = 5.9;
				TARGETED_DEVICE_FAMILY = "1,2";
				VERSIONING_SYSTEM = "apple-generic";
			};
			name = Release;
		};
		A10E220A284F300000000055 /* Debug */ = {
			isa = XCBuildConfiguration;
			buildSettings = {
				CODE_SIGN_STYLE = Automatic;
				CURRENT_PROJECT_VERSION = 3;
				DEAD_CODE_STRIPPING = YES;
				DEFINES_MODULE = YES;
				DEVELOPMENT_TEAM = "";
				DYLIB_INSTALL_NAME_BASE = "@rpath";
				ENABLE_MODULE_VERIFIER = YES;
				GENERATE_INFOPLIST_FILE = YES;
				INSTALL_PATH = "$(LOCAL_LIBRARY_DIR)/Frameworks";
				LD_RUNPATH_SEARCH_PATHS = (
					"$(inherited)",
					"@executable_path/../Frameworks",
					"@loader_path/Frameworks",
				);
				MACOSX_DEPLOYMENT_TARGET = 14.0;
				MARKETING_VERSION = 0.4.0;
				MODULE_VERIFIER_SUPPORTED_LANGUAGE_STANDARDS = "gnu11 gnu++20";
				PRODUCT_BUNDLE_IDENTIFIER = com.wndr.WndrPDF;
				PRODUCT_NAME = "$(TARGET_NAME:c99extidentifier)";
				SKIP_INSTALL = YES;
				SWIFT_EMIT_LOC_STRINGS = YES;
				SWIFT_VERSION = 5.9;
				TARGETED_DEVICE_FAMILY = "1,2";
				VERSIONING_SYSTEM = "apple-generic";
			};
			name = Debug;
		};
		A10E220B284F300000000056 /* Release */ = {
			isa = XCBuildConfiguration;
			buildSettings = {
				CODE_SIGN_STYLE = Automatic;
				CURRENT_PROJECT_VERSION = 3;
				DEAD_CODE_STRIPPING = YES;
				DEFINES_MODULE = YES;
				DEVELOPMENT_TEAM = "";
				DYLIB_INSTALL_NAME_BASE = "@rpath";
				ENABLE_MODULE_VERIFIER = YES;
				GENERATE_INFOPLIST_FILE = YES;
				INSTALL_PATH = "$(LOCAL_LIBRARY_DIR)/Frameworks";
				LD_RUNPATH_SEARCH_PATHS = (
					"$(inherited)",
					"@executable_path/../Frameworks",
					"@loader_path/Frameworks",
				);
				MACOSX_DEPLOYMENT_TARGET = 14.0;
				MARKETING_VERSION = 0.4.0;
				MODULE_VERIFIER_SUPPORTED_LANGUAGE_STANDARDS = "gnu11 gnu++20";
				PRODUCT_BUNDLE_IDENTIFIER = com.wndr.WndrPDF;
				PRODUCT_NAME = "$(TARGET_NAME:c99extidentifier)";
				SKIP_INSTALL = YES;
				SWIFT_EMIT_LOC_STRINGS = YES;
				SWIFT_VERSION = 5.9;
				TARGETED_DEVICE_FAMILY = "1,2";
				VERSIONING_SYSTEM = "apple-generic";
			};
			name = Release;
		};
		A10E220D284F300000000058 /* Debug */ = {
			isa = XCBuildConfiguration;
			buildSettings = {
				CODE_SIGN_STYLE = Automatic;
				CURRENT_PROJECT_VERSION = 3;
				DEAD_CODE_STRIPPING = YES;
				DEFINES_MODULE = YES;
				DEVELOPMENT_TEAM = "";
				DYLIB_INSTALL_NAME_BASE = "@rpath";
				ENABLE_MODULE_VERIFIER = YES;
				GENERATE_INFOPLIST_FILE = YES;
				INSTALL_PATH = "$(LOCAL_LIBRARY_DIR)/Frameworks";
				LD_RUNPATH_SEARCH_PATHS = (
					"$(inherited)",
					"@executable_path/../Frameworks",
					"@loader_path/Frameworks",
				);
				MACOSX_DEPLOYMENT_TARGET = 14.0;
				MARKETING_VERSION = 0.4.0;
				MODULE_VERIFIER_SUPPORTED_LANGUAGE_STANDARDS = "gnu11 gnu++20";
				PRODUCT_BUNDLE_IDENTIFIER = com.wndr.WndrNotes;
				PRODUCT_NAME = "$(TARGET_NAME:c99extidentifier)";
				SKIP_INSTALL = YES;
				SWIFT_EMIT_LOC_STRINGS = YES;
				SWIFT_VERSION = 5.9;
				TARGETED_DEVICE_FAMILY = "1,2";
				VERSIONING_SYSTEM = "apple-generic";
			};
			name = Debug;
		};
		A10E220E284F300000000059 /* Release */ = {
			isa = XCBuildConfiguration;
			buildSettings = {
				CODE_SIGN_STYLE = Automatic;
				CURRENT_PROJECT_VERSION = 3;
				DEAD_CODE_STRIPPING = YES;
				DEFINES_MODULE = YES;
				DEVELOPMENT_TEAM = "";
				DYLIB_INSTALL_NAME_BASE = "@rpath";
				ENABLE_MODULE_VERIFIER = YES;
				GENERATE_INFOPLIST_FILE = YES;
				INSTALL_PATH = "$(LOCAL_LIBRARY_DIR)/Frameworks";
				LD_RUNPATH_SEARCH_PATHS = (
					"$(inherited)",
					"@executable_path/../Frameworks",
					"@loader_path/Frameworks",
				);
				MACOSX_DEPLOYMENT_TARGET = 14.0;
				MARKETING_VERSION = 0.4.0;
				MODULE_VERIFIER_SUPPORTED_LANGUAGE_STANDARDS = "gnu11 gnu++20";
				PRODUCT_BUNDLE_IDENTIFIER = com.wndr.WndrNotes;
				PRODUCT_NAME = "$(TARGET_NAME:c99extidentifier)";
				SKIP_INSTALL = YES;
				SWIFT_EMIT_LOC_STRINGS = YES;
				SWIFT_VERSION = 5.9;
				TARGETED_DEVICE_FAMILY = "1,2";
				VERSIONING_SYSTEM = "apple-generic";
			};
			name = Release;
		};
		A10E2210284F30000000005B /* Debug */ = {
			isa = XCBuildConfiguration;
			buildSettings = {
				CODE_SIGN_STYLE = Automatic;
				CURRENT_PROJECT_VERSION = 3;
				DEAD_CODE_STRIPPING = YES;
				DEFINES_MODULE = YES;
				DEVELOPMENT_TEAM = "";
				DYLIB_INSTALL_NAME_BASE = "@rpath";
				ENABLE_MODULE_VERIFIER = YES;
				GENERATE_INFOPLIST_FILE = YES;
				INSTALL_PATH = "$(LOCAL_LIBRARY_DIR)/Frameworks";
				LD_RUNPATH_SEARCH_PATHS = (
					"$(inherited)",
					"@executable_path/../Frameworks",
					"@loader_path/Frameworks",
				);
				MACOSX_DEPLOYMENT_TARGET = 14.0;
				MARKETING_VERSION = 0.4.0;
				MODULE_VERIFIER_SUPPORTED_LANGUAGE_STANDARDS = "gnu11 gnu++20";
				PRODUCT_BUNDLE_IDENTIFIER = com.wndr.WndrAutomation;
				PRODUCT_NAME = "$(TARGET_NAME:c99extidentifier)";
				SKIP_INSTALL = YES;
				SWIFT_EMIT_LOC_STRINGS = YES;
				SWIFT_VERSION = 5.9;
				TARGETED_DEVICE_FAMILY = "1,2";
				VERSIONING_SYSTEM = "apple-generic";
			};
			name = Debug;
		};
		A10E2211284F30000000005C /* Release */ = {
			isa = XCBuildConfiguration;
			buildSettings = {
				CODE_SIGN_STYLE = Automatic;
				CURRENT_PROJECT_VERSION = 3;
				DEAD_CODE_STRIPPING = YES;
				DEFINES_MODULE = YES;
				DEVELOPMENT_TEAM = "";
				DYLIB_INSTALL_NAME_BASE = "@rpath";
				ENABLE_MODULE_VERIFIER = YES;
				GENERATE_INFOPLIST_FILE = YES;
				INSTALL_PATH = "$(LOCAL_LIBRARY_DIR)/Frameworks";
				LD_RUNPATH_SEARCH_PATHS = (
					"$(inherited)",
					"@executable_path/../Frameworks",
					"@loader_path/Frameworks",
				);
				MACOSX_DEPLOYMENT_TARGET = 14.0;
				MARKETING_VERSION = 0.4.0;
				MODULE_VERIFIER_SUPPORTED_LANGUAGE_STANDARDS = "gnu11 gnu++20";
				PRODUCT_BUNDLE_IDENTIFIER = com.wndr.WndrAutomation;
				PRODUCT_NAME = "$(TARGET_NAME:c99extidentifier)";
				SKIP_INSTALL = YES;
				SWIFT_EMIT_LOC_STRINGS = YES;
				SWIFT_VERSION = 5.9;
				TARGETED_DEVICE_FAMILY = "1,2";
				VERSIONING_SYSTEM = "apple-generic";
			};
			name = Release;
		};
/* End XCBuildConfiguration section */

/* Begin XCConfigurationList section */
		A10E00A3284F300000000002 /* Build configuration list for PBXProject "Wndr" */ = {
			isa = XCConfigurationList;
			buildConfigurations = (
				A10E00A4284F300000000003 /* Debug */,
				A10E00A5284F300000000004 /* Release */,
			);
			defaultConfigurationIsVisible = 0;
			defaultConfigurationName = Release;
		};
		A10E2200284F30000000004B /* Build configuration list for PBXNativeTarget "WndrApp" */ = {
			isa = XCConfigurationList;
			buildConfigurations = (
				A10E2201284F30000000004C /* Debug */,
				A10E2202284F30000000004D /* Release */,
			);
			defaultConfigurationIsVisible = 0;
			defaultConfigurationName = Release;
		};
		A10E2203284F30000000004E /* Build configuration list for PBXNativeTarget "WndrKit" */ = {
			isa = XCConfigurationList;
			buildConfigurations = (
				A10E2204284F30000000004F /* Debug */,
				A10E2205284F300000000050 /* Release */,
			);
			defaultConfigurationIsVisible = 0;
			defaultConfigurationName = Release;
		};
		A10E2206284F300000000051 /* Build configuration list for PBXNativeTarget "WndrData" */ = {
			isa = XCConfigurationList;
			buildConfigurations = (
				A10E2207284F300000000052 /* Debug */,
				A10E2208284F300000000053 /* Release */,
			);
			defaultConfigurationIsVisible = 0;
			defaultConfigurationName = Release;
		};
		A10E2209284F300000000054 /* Build configuration list for PBXNativeTarget "WndrPDF" */ = {
			isa = XCConfigurationList;
			buildConfigurations = (
				A10E220A284F300000000055 /* Debug */,
				A10E220B284F300000000056 /* Release */,
			);
			defaultConfigurationIsVisible = 0;
			defaultConfigurationName = Release;
		};
		A10E220C284F300000000057 /* Build configuration list for PBXNativeTarget "WndrNotes" */ = {
			isa = XCConfigurationList;
			buildConfigurations = (
				A10E220D284F300000000058 /* Debug */,
				A10E220E284F300000000059 /* Release */,
			);
			defaultConfigurationIsVisible = 0;
			defaultConfigurationName = Release;
		};
		A10E220F284F30000000005A /* Build configuration list for PBXNativeTarget "WndrAutomation" */ = {
			isa = XCConfigurationList;
			buildConfigurations = (
				A10E2210284F30000000005B /* Debug */,
				A10E2211284F30000000005C /* Release */,
			);
			defaultConfigurationIsVisible = 0;
			defaultConfigurationName = Release;
		};
/* End XCConfigurationList section */
	};
	rootObject = A10E00A2284F300000000001 /* Project object */;
}
